
Microsoft Visual Studio Solution File, Format Version 12.00
# Visual Studio Version 17
VisualStudioVersion = 17.8.34309.116
MinimumVisualStudioVersion = 10.0.40219.1
Project("{FAE04EC0-301F-11D3-BF4B-00C04F79EFBC}") = "VaultCloudLinkExtension", "VaultCloudLinkExtension\VaultCloudLinkExtension.csproj", "{32EF1AB8-2EF5-438E-8E1E-ACBD594AF0F7}"
EndProject
Global
	GlobalSection(SolutionConfigurationPlatforms) = preSolution
		Debug|x64 = Debug|x64
		Release|x64 = Release|x64
	EndGlobalSection
	GlobalSection(ProjectConfigurationPlatforms) = postSolution
		{32EF1AB8-2EF5-438E-8E1E-ACBD594AF0F7}.Debug|x64.ActiveCfg = Debug|Any CPU
		{32EF1AB8-2EF5-438E-8E1E-ACBD594AF0F7}.Debug|x64.Build.0 = Debug|Any CPU
		{32EF1AB8-2EF5-438E-8E1E-ACBD594AF0F7}.Release|x64.ActiveCfg = Release|Any CPU
		{32EF1AB8-2EF5-438E-8E1E-ACBD594AF0F7}.Release|x64.Build.0 = Release|Any CPU
	EndGlobalSection
	GlobalSection(SolutionProperties) = preSolution
		HideSolutionNode = FALSE
	EndGlobalSection
	GlobalSection(ExtensibilityGlobals) = postSolution
		SolutionGuid = {CCD159C4-E4C2-4BBC-8F24-2CF5B82B73F8}
	EndGlobalSection
EndGlobal
